
Microsoft Visual Studio Solution File, Format Version 12.00
# Visual Studio 14
VisualStudioVersion = 14.0.25420.1
MinimumVisualStudioVersion = 10.0.40219.1
Project("{2150E333-8FDC-42A3-9474-1A3956D46DE8}") = "0 Common", "0 Common", "{54E01247-3B9B-4CC5-84B7-2B6B1193A02E}"
EndProject
Project("{2150E333-8FDC-42A3-9474-1A3956D46DE8}") = "1 Presentaion", "1 Presentaion", "{564195E7-F6A4-4841-994E-FDFFCC291147}"
EndProject
Project("{2150E333-8FDC-42A3-9474-1A3956D46DE8}") = "2 Service", "2 Service", "{CD06C958-275C-439B-8308-70CBB9106D09}"
EndProject
Project("{2150E333-8FDC-42A3-9474-1A3956D46DE8}") = "3 Bll", "3 Bll", "{024C0DEF-2DB5-4931-93ED-A61708BDD03A}"
EndProject
Project("{2150E333-8FDC-42A3-9474-1A3956D46DE8}") = "4 DataAccess", "4 DataAccess", "{E8933636-B2DE-49EB-9C6D-1103F777B959}"
EndProject
Project("{2150E333-8FDC-42A3-9474-1A3956D46DE8}") = "5 Test", "5 Test", "{EA128FF1-A583-4BEE-A42E-F98942A19D25}"
EndProject
Project("{FAE04EC0-301F-11D3-BF4B-00C04F79EFBC}") = "OpenQbit.DigitalLib.Common.Models", "OpenQbit.DigitalLib.Common.Models\OpenQbit.DigitalLib.Common.Models.csproj", "{9EE8D807-DB38-4F7E-88AE-6FBB105A122C}"
EndProject
Project("{FAE04EC0-301F-11D3-BF4B-00C04F79EFBC}") = "OpenQbit.DigitalLib.DataAccess.DAL", "OpenQbit.DigitalLib.DataAccess.DAL\OpenQbit.DigitalLib.DataAccess.DAL.csproj", "{FF398621-1C6D-4441-8E92-350549E627CB}"
EndProject
Global
	GlobalSection(SolutionConfigurationPlatforms) = preSolution
		Debug|Any CPU = Debug|Any CPU
		Release|Any CPU = Release|Any CPU
	EndGlobalSection
	GlobalSection(ProjectConfigurationPlatforms) = postSolution
		{9EE8D807-DB38-4F7E-88AE-6FBB105A122C}.Debug|Any CPU.ActiveCfg = Debug|Any CPU
		{9EE8D807-DB38-4F7E-88AE-6FBB105A122C}.Debug|Any CPU.Build.0 = Debug|Any CPU
		{9EE8D807-DB38-4F7E-88AE-6FBB105A122C}.Release|Any CPU.ActiveCfg = Release|Any CPU
		{9EE8D807-DB38-4F7E-88AE-6FBB105A122C}.Release|Any CPU.Build.0 = Release|Any CPU
		{FF398621-1C6D-4441-8E92-350549E627CB}.Debug|Any CPU.ActiveCfg = Debug|Any CPU
		{FF398621-1C6D-4441-8E92-350549E627CB}.Debug|Any CPU.Build.0 = Debug|Any CPU
		{FF398621-1C6D-4441-8E92-350549E627CB}.Release|Any CPU.ActiveCfg = Release|Any CPU
		{FF398621-1C6D-4441-8E92-350549E627CB}.Release|Any CPU.Build.0 = Release|Any CPU
	EndGlobalSection
	GlobalSection(SolutionProperties) = preSolution
		HideSolutionNode = FALSE
	EndGlobalSection
	GlobalSection(NestedProjects) = preSolution
		{9EE8D807-DB38-4F7E-88AE-6FBB105A122C} = {54E01247-3B9B-4CC5-84B7-2B6B1193A02E}
		{FF398621-1C6D-4441-8E92-350549E627CB} = {E8933636-B2DE-49EB-9C6D-1103F777B959}
	EndGlobalSection
EndGlobal
